<?xml version="1.0" encoding="utf-8"?>
<Project ToolsVersion="4.0" xmlns="http://schemas.microsoft.com/developer/msbuild/2003">
  <ItemGroup>
    <Filter Include="Source Files">
      <UniqueIdentifier>{4FC737F1-C7A5-4376-A066-2A32D752A2FF}</UniqueIdentifier>
      <Extensions>cpp;c;cc;cxx;c++;cppm;ixx;def;odl;idl;hpj;bat;asm;asmx</Extensions>
    </Filter>
    <Filter Include="Header Files">
      <UniqueIdentifier>{93995380-89BD-4b04-88EB-625FBE52EBFB}</UniqueIdentifier>
      <Extensions>h;hh;hpp;hxx;h++;hm;inl;inc;ipp;xsd</Extensions>
    </Filter>
    <Filter Include="Resource Files">
      <UniqueIdentifier>{67DA6AB6-F800-4c08-8B7A-83BB121AAD01}</UniqueIdentifier>
      <Extensions>rc;ico;cur;bmp;dlg;rc2;rct;bin;rgs;gif;jpg;jpeg;jpe;resx;tiff;tif;png;wav;mfcribbon-ms</Extensions>
    </Filter>
  </ItemGroup>
  <ItemGroup>
    <ClCompile Include="Program.c">
      <Filter>Source Files</Filter>
    </ClCompile>
    <ClCompile Include="Topic_02_Konstrollstrukturen.c">
      <Filter>Source Files</Filter>
    </ClCompile>
    <ClCompile Include="Topic_01_Datatypes_Variabes.c">
      <Filter>Source Files</Filter>
    </ClCompile>
    <ClCompile Include="Topic_03_Zeiger.c">
      <Filter>Source Files</Filter>
    </ClCompile>
    <ClCompile Include="Topic_04_Unterprogramme.c">
      <Filter>Source Files</Filter>
    </ClCompile>
    <ClCompile Include="01_Uebung_Teufel.c">
      <Filter>Source Files</Filter>
    </ClCompile>
    <ClCompile Include="02_Uebung_Zinsen.c">
      <Filter>Source Files</Filter>
    </ClCompile>
    <ClCompile Include="03_Uebung_Tauschen_Swap.c">
      <Filter>Source Files</Filter>
    </ClCompile>
    <ClCompile Include="Topic_05_Arrays.c">
      <Filter>Source Files</Filter>
    </ClCompile>
    <ClCompile Include="Topic_06_Char_Strings.c">
      <Filter>Source Files</Filter>
    </ClCompile>
    <ClCompile Include="Topic_07_Zeichenkettenverarbeitung.c">
      <Filter>Source Files</Filter>
    </ClCompile>
    <ClCompile Include="Topic_08_Address_Arithmetik.c">
      <Filter>Source Files</Filter>
    </ClCompile>
    <ClCompile Include="04_Uebung_Zeichenketten.c">
      <Filter>Source Files</Filter>
    </ClCompile>
    <ClCompile Include="Topic_09_Global_Variables.c">
      <Filter>Source Files</Filter>
    </ClCompile>
    <ClCompile Include="Topic_10_Structs.c">
      <Filter>Source Files</Filter>
    </ClCompile>
    <ClCompile Include="05_Uebung_Wallet.c">
      <Filter>Source Files</Filter>
    </ClCompile>
    <ClCompile Include="Topic_11_Bitfelder_Unions_Enums.c">
      <Filter>Source Files</Filter>
    </ClCompile>
    <ClCompile Include="Topic_12_Binary_LowLevel_Programming.c">
      <Filter>Source Files</Filter>
    </ClCompile>
    <ClCompile Include="Topic_13_Dynamic_Memory.c">
      <Filter>Source Files</Filter>
    </ClCompile>
    <ClCompile Include="06_Uebung_DynamicIntArray.c">
      <Filter>Source Files</Filter>
    </ClCompile>
    <ClCompile Include="Topic_14_Pointer_Zum_Zweiten.c">
      <Filter>Source Files</Filter>
    </ClCompile>
    <ClCompile Include="Topic_15_CRT.c">
      <Filter>Source Files</Filter>
    </ClCompile>
    <ClCompile Include="07_Uebung_Zeichenketten_Dynamic.c">
      <Filter>Source Files</Filter>
    </ClCompile>
    <ClCompile Include="Topic_16_LinkedList.c">
      <Filter>Source Files</Filter>
    </ClCompile>
    <ClCompile Include="Topic_17_MultiDim_Arrays.c">
      <Filter>Source Files</Filter>
    </ClCompile>
    <ClCompile Include="Topic_18_Jagged_Arrays.c">
      <Filter>Source Files</Filter>
    </ClCompile>
  </ItemGroup>
  <ItemGroup>
    <ClInclude Include="Common.h">
      <Filter>Header Files</Filter>
    </ClInclude>
    <ClInclude Include="Time.h">
      <Filter>Header Files</Filter>
    </ClInclude>
    <ClInclude Include="05_Uebung_Wallet.h">
      <Filter>Header Files</Filter>
    </ClInclude>
    <ClInclude Include="06_Uebung_DynamicIntArray.h">
      <Filter>Header Files</Filter>
    </ClInclude>
  </ItemGroup>
</Project>